// !$*UTF8*$!
{
	archiveVersion = 1;
	classes = {
	};
	objectVersion = 46;
	objects = {

/* Begin PBXBuildFile section */
		805E046F1DBE371A00DF73E1 /* main.m in Sources */ = {isa = PBXBuildFile; fileRef = 805E046E1DBE371A00DF73E1 /* main.m */; };
		805E04721DBE371A00DF73E1 /* AppDelegate.m in Sources */ = {isa = PBXBuildFile; fileRef = 805E04711DBE371A00DF73E1 /* AppDelegate.m */; };
		805E04751DBE371A00DF73E1 /* ViewController.m in Sources */ = {isa = PBXBuildFile; fileRef = 805E04741DBE371A00DF73E1 /* ViewController.m */; };
		805E04781DBE371A00DF73E1 /* Main.storyboard in Resources */ = {isa = PBXBuildFile; fileRef = 805E04761DBE371A00DF73E1 /* Main.storyboard */; };
		805E047A1DBE371A00DF73E1 /* Assets.xcassets in Resources */ = {isa = PBXBuildFile; fileRef = 805E04791DBE371A00DF73E1 /* Assets.xcassets */; };
		805E047D1DBE371A00DF73E1 /* LaunchScreen.storyboard in Resources */ = {isa = PBXBuildFile; fileRef = 805E047B1DBE371A00DF73E1 /* LaunchScreen.storyboard */; };
		805E04881DBE371A00DF73E1 /* HelloTests.m in Sources */ = {isa = PBXBuildFile; fileRef = 805E04871DBE371A00DF73E1 /* HelloTests.m */; };
		805E04931DBE371A00DF73E1 /* HelloUITests.m in Sources */ = {isa = PBXBuildFile; fileRef = 805E04921DBE371A00DF73E1 /* HelloUITests.m */; };
/* End PBXBuildFile section */

/* Begin PBXContainerItemProxy section */
		805E04841DBE371A00DF73E1 /* PBXContainerItemProxy */ = {
			isa = PBXContainerItemProxy;
			containerPortal = 805E04621DBE371900DF73E1 /* Project object */;
			proxyType = 1;
			remoteGlobalIDString = 805E04691DBE371900DF73E1;
			remoteInfo = Hello;
		};
		805E048F1DBE371A00DF73E1 /* PBXContainerItemProxy */ = {
			isa = PBXContainerItemProxy;
			containerPortal = 805E04621DBE371900DF73E1 /* Project object */;
			proxyType = 1;
			remoteGlobalIDString = 805E04691DBE371900DF73E1;
			remoteInfo = Hello;
		};
/* End PBXContainerItemProxy section */

/* Begin PBXFileReference section */
		805E046A1DBE371A00DF73E1 /* Hello.app */ = {isa = PBXFileReference; explicitFileType = wrapper.application; includeInIndex = 0; path = Hello.app; sourceTree = BUILT_PRODUCTS_DIR; };
		805E046E1DBE371A00DF73E1 /* main.m */ = {isa = PBXFileReference; lastKnownFileType = sourcecode.c.objc; path = main.m; sourceTree = "<group>"; };
		805E04701DBE371A00DF73E1 /* AppDelegate.h */ = {isa = PBXFileReference; lastKnownFileType = sourcecode.c.h; path = AppDelegate.h; sourceTree = "<group>"; };
		805E04711DBE371A00DF73E1 /* AppDelegate.m */ = {isa = PBXFileReference; lastKnownFileType = sourcecode.c.objc; path = AppDelegate.m; sourceTree = "<group>"; };
		805E04731DBE371A00DF73E1 /* ViewController.h */ = {isa = PBXFileReference; lastKnownFileType = sourcecode.c.h; path = ViewController.h; sourceTree = "<group>"; };
		805E04741DBE371A00DF73E1 /* ViewController.m */ = {isa = PBXFileReference; lastKnownFileType = sourcecode.c.objc; path = ViewController.m; sourceTree = "<group>"; };
		805E04771DBE371A00DF73E1 /* Base */ = {isa = PBXFileReference; lastKnownFileType = file.storyboard; name = Base; path = Base.lproj/Main.storyboard; sourceTree = "<group>"; };
		805E04791DBE371A00DF73E1 /* Assets.xcassets */ = {isa = PBXFileReference; lastKnownFileType = folder.assetcatalog; path = Assets.xcassets; sourceTree = "<group>"; };
		805E047C1DBE371A00DF73E1 /* Base */ = {isa = PBXFileReference; lastKnownFileType = file.storyboard; name = Base; path = Base.lproj/LaunchScreen.storyboard; sourceTree = "<group>"; };
		805E047E1DBE371A00DF73E1 /* Info.plist */ = {isa = PBXFileReference; lastKnownFileType = text.plist.xml; path = Info.plist; sourceTree = "<group>"; };
		805E04831DBE371A00DF73E1 /* HelloTests.xctest */ = {isa = PBXFileReference; explicitFileType = wrapper.cfbundle; includeInIndex = 0; path = HelloTests.xctest; sourceTree = BUILT_PRODUCTS_DIR; };
		805E04871DBE371A00DF73E1 /* HelloTests.m */ = {isa = PBXFileReference; lastKnownFileType = sourcecode.c.objc; path = HelloTests.m; sourceTree = "<group>"; };
		805E04891DBE371A00DF73E1 /* Info.plist */ = {isa = PBXFileReference; lastKnownFileType = text.plist.xml; path = Info.plist; sourceTree = "<group>"; };
		805E048E1DBE371A00DF73E1 /* HelloUITests.xctest */ = {isa = PBXFileReference; explicitFileType = wrapper.cfbundle; includeInIndex = 0; path = HelloUITests.xctest; sourceTree = BUILT_PRODUCTS_DIR; };
		805E04921DBE371A00DF73E1 /* HelloUITests.m */ = {isa = PBXFileReference; lastKnownFileType = sourcecode.c.objc; path = HelloUITests.m; sourceTree = "<group>"; };
		805E04941DBE371A00DF73E1 /* Info.plist */ = {isa = PBXFileReference; lastKnownFileType = text.plist.xml; path = Info.plist; sourceTree = "<group>"; };
/* End PBXFileReference section */

/* Begin PBXFrameworksBuildPhase section */
		805E04671DBE371900DF73E1 /* Frameworks */ = {
			isa = PBXFrameworksBuildPhase;
			buildActionMask = 2147483647;
			files = (
			);
			runOnlyForDeploymentPostprocessing = 0;
		};
		805E04801DBE371A00DF73E1 /* Frameworks */ = {
			isa = PBXFrameworksBuildPhase;
			buildActionMask = 2147483647;
			files = (
			);
			runOnlyForDeploymentPostprocessing = 0;
		};
		805E048B1DBE371A00DF73E1 /* Frameworks */ = {
			isa = PBXFrameworksBuildPhase;
			buildActionMask = 2147483647;
			files = (
			);
			runOnlyForDeploymentPostprocessing = 0;
		};
/* End PBXFrameworksBuildPhase section */

/* Begin PBXGroup section */
		805E04611DBE371900DF73E1 = {
			isa = PBXGroup;
			children = (
				805E046C1DBE371A00DF73E1 /* Hello */,
				805E04861DBE371A00DF73E1 /* HelloTests */,
				805E04911DBE371A00DF73E1 /* HelloUITests */,
				805E046B1DBE371A00DF73E1 /* Products */,
			);
			sourceTree = "<group>";
		};
		805E046B1DBE371A00DF73E1 /* Products */ = {
			isa = PBXGroup;
			children = (
				805E046A1DBE371A00DF73E1 /* Hello.app */,
				805E04831DBE371A00DF73E1 /* HelloTests.xctest */,
				805E048E1DBE371A00DF73E1 /* HelloUITests.xctest */,
			);
			name = Products;
			sourceTree = "<group>";
		};
		805E046C1DBE371A00DF73E1 /* Hello */ = {
			isa = PBXGroup;
			children = (
				805E04701DBE371A00DF73E1 /* AppDelegate.h */,
				805E04711DBE371A00DF73E1 /* AppDelegate.m */,
				805E04731DBE371A00DF73E1 /* ViewController.h */,
				805E04741DBE371A00DF73E1 /* ViewController.m */,
				805E04761DBE371A00DF73E1 /* Main.storyboard */,
				805E04791DBE371A00DF73E1 /* Assets.xcassets */,
				805E047B1DBE371A00DF73E1 /* LaunchScreen.storyboard */,
				805E047E1DBE371A00DF73E1 /* Info.plist */,
				805E046D1DBE371A00DF73E1 /* Supporting Files */,
			);
			path = Hello;
			sourceTree = "<group>";
		};
		805E046D1DBE371A00DF73E1 /* Supporting Files */ = {
			isa = PBXGroup;
			children = (
				805E046E1DBE371A00DF73E1 /* main.m */,
			);
			name = "Supporting Files";
			sourceTree = "<group>";
		};
		805E04861DBE371A00DF73E1 /* HelloTests */ = {
			isa = PBXGroup;
			children = (
				805E04871DBE371A00DF73E1 /* HelloTests.m */,
				805E04891DBE371A00DF73E1 /* Info.plist */,
			);
			path = HelloTests;
			sourceTree = "<group>";
		};
		805E04911DBE371A00DF73E1 /* HelloUITests */ = {
			isa = PBXGroup;
			children = (
				805E04921DBE371A00DF73E1 /* HelloUITests.m */,
				805E04941DBE371A00DF73E1 /* Info.plist */,
			);
			path = HelloUITests;
			sourceTree = "<group>";
		};
/* End PBXGroup section */

/* Begin PBXNativeTarget section */
		805E04691DBE371900DF73E1 /* Hello */ = {
			isa = PBXNativeTarget;
			buildConfigurationList = 805E04971DBE371A00DF73E1 /* Build configuration list for PBXNativeTarget "Hello" */;
			buildPhases = (
				805E04661DBE371900DF73E1 /* Sources */,
				805E04671DBE371900DF73E1 /* Frameworks */,
				805E04681DBE371900DF73E1 /* Resources */,
			);
			buildRules = (
			);
			dependencies = (
			);
			name = Hello;
			productName = Hello;
			productReference = 805E046A1DBE371A00DF73E1 /* Hello.app */;
			productType = "com.apple.product-type.application";
		};
		805E04821DBE371A00DF73E1 /* HelloTests */ = {
			isa = PBXNativeTarget;
			buildConfigurationList = 805E049A1DBE371A00DF73E1 /* Build configuration list for PBXNativeTarget "HelloTests" */;
			buildPhases = (
				805E047F1DBE371A00DF73E1 /* Sources */,
				805E04801DBE371A00DF73E1 /* Frameworks */,
				805E04811DBE371A00DF73E1 /* Resources */,
			);
			buildRules = (
			);
			dependencies = (
				805E04851DBE371A00DF73E1 /* PBXTargetDependency */,
			);
			name = HelloTests;
			productName = HelloTests;
			productReference = 805E04831DBE371A00DF73E1 /* HelloTests.xctest */;
			productType = "com.apple.product-type.bundle.unit-test";
		};
		805E048D1DBE371A00DF73E1 /* HelloUITests */ = {
			isa = PBXNativeTarget;
			buildConfigurationList = 805E049D1DBE371A00DF73E1 /* Build configuration list for PBXNativeTarget "HelloUITests" */;
			buildPhases = (
				805E048A1DBE371A00DF73E1 /* Sources */,
				805E048B1DBE371A00DF73E1 /* Frameworks */,
				805E048C1DBE371A00DF73E1 /* Resources */,
			);
			buildRules = (
			);
			dependencies = (
				805E04901DBE371A00DF73E1 /* PBXTargetDependency */,
			);
			name = HelloUITests;
			productName = HelloUITests;
			productReference = 805E048E1DBE371A00DF73E1 /* HelloUITests.xctest */;
			productType = "com.apple.product-type.bundle.ui-testing";
		};
/* End PBXNativeTarget section */

/* Begin PBXProject section */
		805E04621DBE371900DF73E1 /* Project object */ = {
			isa = PBXProject;
			attributes = {
				LastUpgradeCheck = 0800;
				ORGANIZATIONNAME = "Jose Alirio Rojas";
				TargetAttributes = {
					805E04691DBE371900DF73E1 = {
						CreatedOnToolsVersion = 8.0;
						ProvisioningStyle = Automatic;
					};
					805E04821DBE371A00DF73E1 = {
						CreatedOnToolsVersion = 8.0;
						ProvisioningStyle = Automatic;
						TestTargetID = 805E04691DBE371900DF73E1;
					};
					805E048D1DBE371A00DF73E1 = {
						CreatedOnToolsVersion = 8.0;
						ProvisioningStyle = Automatic;
						TestTargetID = 805E04691DBE371900DF73E1;
					};
				};
			};
			buildConfigurationList = 805E04651DBE371900DF73E1 /* Build configuration list for PBXProject "Hello" */;
			compatibilityVersion = "Xcode 3.2";
			developmentRegion = English;
			hasScannedForEncodings = 0;
			knownRegions = (
				en,
				Base,
			);
			mainGroup = 805E04611DBE371900DF73E1;
			productRefGroup = 805E046B1DBE371A00DF73E1 /* Products */;
			projectDirPath = "";
			projectRoot = "";
			targets = (
				805E04691DBE371900DF73E1 /* Hello */,
				805E04821DBE371A00DF73E1 /* HelloTests */,
				805E048D1DBE371A00DF73E1 /* HelloUITests */,
			);
		};
/* End PBXProject section */

/* Begin PBXResourcesBuildPhase section */
		805E04681DBE371900DF73E1 /* Resources */ = {
			isa = PBXResourcesBuildPhase;
			buildActionMask = 2147483647;
			files = (
				805E047D1DBE371A00DF73E1 /* LaunchScreen.storyboard in Resources */,
				805E047A1DBE371A00DF73E1 /* Assets.xcassets in Resources */,
				805E04781DBE371A00DF73E1 /* Main.storyboard in Resources */,
			);
			runOnlyForDeploymentPostprocessing = 0;
		};
		805E04811DBE371A00DF73E1 /* Resources */ = {
			isa = PBXResourcesBuildPhase;
			buildActionMask = 2147483647;
			files = (
			);
			runOnlyForDeploymentPostprocessing = 0;
		};
		805E048C1DBE371A00DF73E1 /* Resources */ = {
			isa = PBXResourcesBuildPhase;
			buildActionMask = 2147483647;
			files = (
			);
			runOnlyForDeploymentPostprocessing = 0;
		};
/* End PBXResourcesBuildPhase section */

/* Begin PBXSourcesBuildPhase section */
		805E04661DBE371900DF73E1 /* Sources */ = {
			isa = PBXSourcesBuildPhase;
			buildActionMask = 2147483647;
			files = (
				805E04751DBE371A00DF73E1 /* ViewController.m in Sources */,
				805E04721DBE371A00DF73E1 /* AppDelegate.m in Sources */,
				805E046F1DBE371A00DF73E1 /* main.m in Sources */,
			);
			runOnlyForDeploymentPostprocessing = 0;
		};
		805E047F1DBE371A00DF73E1 /* Sources */ = {
			isa = PBXSourcesBuildPhase;
			buildActionMask = 2147483647;
			files = (
				805E04881DBE371A00DF73E1 /* HelloTests.m in Sources */,
			);
			runOnlyForDeploymentPostprocessing = 0;
		};
		805E048A1DBE371A00DF73E1 /* Sources */ = {
			isa = PBXSourcesBuildPhase;
			buildActionMask = 2147483647;
			files = (
				805E04931DBE371A00DF73E1 /* HelloUITests.m in Sources */,
			);
			runOnlyForDeploymentPostprocessing = 0;
		};
/* End PBXSourcesBuildPhase section */

/* Begin PBXTargetDependency section */
		805E04851DBE371A00DF73E1 /* PBXTargetDependency */ = {
			isa = PBXTargetDependency;
			target = 805E04691DBE371900DF73E1 /* Hello */;
			targetProxy = 805E04841DBE371A00DF73E1 /* PBXContainerItemProxy */;
		};
		805E04901DBE371A00DF73E1 /* PBXTargetDependency */ = {
			isa = PBXTargetDependency;
			target = 805E04691DBE371900DF73E1 /* Hello */;
			targetProxy = 805E048F1DBE371A00DF73E1 /* PBXContainerItemProxy */;
		};
/* End PBXTargetDependency section */

/* Begin PBXVariantGroup section */
		805E04761DBE371A00DF73E1 /* Main.storyboard */ = {
			isa = PBXVariantGroup;
			children = (
				805E04771DBE371A00DF73E1 /* Base */,
			);
			name = Main.storyboard;
			sourceTree = "<group>";
		};
		805E047B1DBE371A00DF73E1 /* LaunchScreen.storyboard */ = {
			isa = PBXVariantGroup;
			children = (
				805E047C1DBE371A00DF73E1 /* Base */,
			);
			name = LaunchScreen.storyboard;
			sourceTree = "<group>";
		};
/* End PBXVariantGroup section */

/* Begin XCBuildConfiguration section */
		805E04951DBE371A00DF73E1 /* Debug */ = {
			isa = XCBuildConfiguration;
			buildSettings = {
				ALWAYS_SEARCH_USER_PATHS = NO;
				CLANG_ANALYZER_NONNULL = YES;
				CLANG_CXX_LANGUAGE_STANDARD = "gnu++0x";
				CLANG_CXX_LIBRARY = "libc++";
				CLANG_ENABLE_MODULES = YES;
				CLANG_ENABLE_OBJC_ARC = YES;
				CLANG_WARN_BOOL_CONVERSION = YES;
				CLANG_WARN_CONSTANT_CONVERSION = YES;
				CLANG_WARN_DIRECT_OBJC_ISA_USAGE = YES_ERROR;
				CLANG_WARN_DOCUMENTATION_COMMENTS = YES;
				CLANG_WARN_EMPTY_BODY = YES;
				CLANG_WARN_ENUM_CONVERSION = YES;
				CLANG_WARN_INFINITE_RECURSION = YES;
				CLANG_WARN_INT_CONVERSION = YES;
				CLANG_WARN_OBJC_ROOT_CLASS = YES_ERROR;
				CLANG_WARN_SUSPICIOUS_MOVES = YES;
				CLANG_WARN_UNREACHABLE_CODE = YES;
				CLANG_WARN__DUPLICATE_METHOD_MATCH = YES;
				"CODE_SIGN_IDENTITY[sdk=iphoneos*]" = "iPhone Developer";
				COPY_PHASE_STRIP = NO;
				DEBUG_INFORMATION_FORMAT = dwarf;
				ENABLE_STRICT_OBJC_MSGSEND = YES;
				ENABLE_TESTABILITY = YES;
				GCC_C_LANGUAGE_STANDARD = gnu99;
				GCC_DYNAMIC_NO_PIC = NO;
				GCC_NO_COMMON_BLOCKS = YES;
				GCC_OPTIMIZATION_LEVEL = 0;
				GCC_PREPROCESSOR_DEFINITIONS = (
					"DEBUG=1",
					"$(inherited)",
				);
				GCC_WARN_64_TO_32_BIT_CONVERSION = YES;
				GCC_WARN_ABOUT_RETURN_TYPE = YES_ERROR;
				GCC_WARN_UNDECLARED_SELECTOR = YES;
				GCC_WARN_UNINITIALIZED_AUTOS = YES_AGGRESSIVE;
				GCC_WARN_UNUSED_FUNCTION = YES;
				GCC_WARN_UNUSED_VARIABLE = YES;
				IPHONEOS_DEPLOYMENT_TARGET = 10.0;
				MTL_ENABLE_DEBUG_INFO = YES;
				ONLY_ACTIVE_ARCH = YES;
				SDKROOT = iphoneos;
				TARGETED_DEVICE_FAMILY = "1,2";
			};
			name = Debug;
		};
		805E04961DBE371A00DF73E1 /* Release */ = {
			isa = XCBuildConfiguration;
			buildSettings = {
				ALWAYS_SEARCH_USER_PATHS = NO;
				CLANG_ANALYZER_NONNULL = YES;
				CLANG_CXX_LANGUAGE_STANDARD = "gnu++0x";
				CLANG_CXX_LIBRARY = "libc++";
				CLANG_ENABLE_MODULES = YES;
				CLANG_ENABLE_OBJC_ARC = YES;
				CLANG_WARN_BOOL_CONVERSION = YES;
				CLANG_WARN_CONSTANT_CONVERSION = YES;
				CLANG_WARN_DIRECT_OBJC_ISA_USAGE = YES_ERROR;
				CLANG_WARN_DOCUMENTATION_COMMENTS = YES;
				CLANG_WARN_EMPTY_BODY = YES;
				CLANG_WARN_ENUM_CONVERSION = YES;
				CLANG_WARN_INFINITE_RECURSION = YES;
				CLANG_WARN_INT_CONVERSION = YES;
				CLANG_WARN_OBJC_ROOT_CLASS = YES_ERROR;
				CLANG_WARN_SUSPICIOUS_MOVES = YES;
				CLANG_WARN_UNREACHABLE_CODE = YES;
				CLANG_WARN__DUPLICATE_METHOD_MATCH = YES;
				"CODE_SIGN_IDENTITY[sdk=iphoneos*]" = "iPhone Developer";
				COPY_PHASE_STRIP = NO;
				DEBUG_INFORMATION_FORMAT = "dwarf-with-dsym";
				ENABLE_NS_ASSERTIONS = NO;
				ENABLE_STRICT_OBJC_MSGSEND = YES;
				GCC_C_LANGUAGE_STANDARD = gnu99;
				GCC_NO_COMMON_BLOCKS = YES;
				GCC_WARN_64_TO_32_BIT_CONVERSION = YES;
				GCC_WARN_ABOUT_RETURN_TYPE = YES_ERROR;
				GCC_WARN_UNDECLARED_SELECTOR = YES;
				GCC_WARN_UNINITIALIZED_AUTOS = YES_AGGRESSIVE;
				GCC_WARN_UNUSED_FUNCTION = YES;
				GCC_WARN_UNUSED_VARIABLE = YES;
				IPHONEOS_DEPLOYMENT_TARGET = 10.0;
				MTL_ENABLE_DEBUG_INFO = NO;
				SDKROOT = iphoneos;
				TARGETED_DEVICE_FAMILY = "1,2";
				VALIDATE_PRODUCT = YES;
			};
			name = Release;
		};
		805E04981DBE371A00DF73E1 /* Debug */ = {
			isa = XCBuildConfiguration;
			buildSettings = {
				ASSETCATALOG_COMPILER_APPICON_NAME = AppIcon;
				INFOPLIST_FILE = Hello/Info.plist;
				LD_RUNPATH_SEARCH_PATHS = "$(inherited) @executable_path/Frameworks";
				PRODUCT_BUNDLE_IDENTIFIER = Ucatolica.Hello;
				PRODUCT_NAME = "$(TARGET_NAME)";
			};
			name = Debug;
		};
		805E04991DBE371A00DF73E1 /* Release */ = {
			isa = XCBuildConfiguration;
			buildSettings = {
				ASSETCATALOG_COMPILER_APPICON_NAME = AppIcon;
				INFOPLIST_FILE = Hello/Info.plist;
				LD_RUNPATH_SEARCH_PATHS = "$(inherited) @executable_path/Frameworks";
				PRODUCT_BUNDLE_IDENTIFIER = Ucatolica.Hello;
				PRODUCT_NAME = "$(TARGET_NAME)";
			};
			name = Release;
		};
		805E049B1DBE371A00DF73E1 /* Debug */ = {
			isa = XCBuildConfiguration;
			buildSettings = {
				BUNDLE_LOADER = "$(TEST_HOST)";
				INFOPLIST_FILE = HelloTests/Info.plist;
				LD_RUNPATH_SEARCH_PATHS = "$(inherited) @executable_path/Frameworks @loader_path/Frameworks";
				PRODUCT_BUNDLE_IDENTIFIER = Ucatolica.HelloTests;
				PRODUCT_NAME = "$(TARGET_NAME)";
				TEST_HOST = "$(BUILT_PRODUCTS_DIR)/Hello.app/Hello";
			};
			name = Debug;
		};
		805E049C1DBE371A00DF73E1 /* Release */ = {
			isa = XCBuildConfiguration;
			buildSettings = {
				BUNDLE_LOADER = "$(TEST_HOST)";
				INFOPLIST_FILE = HelloTests/Info.plist;
				LD_RUNPATH_SEARCH_PATHS = "$(inherited) @executable_path/Frameworks @loader_path/Frameworks";
				PRODUCT_BUNDLE_IDENTIFIER = Ucatolica.HelloTests;
				PRODUCT_NAME = "$(TARGET_NAME)";
				TEST_HOST = "$(BUILT_PRODUCTS_DIR)/Hello.app/Hello";
			};
			name = Release;
		};
		805E049E1DBE371A00DF73E1 /* Debug */ = {
			isa = XCBuildConfiguration;
			buildSettings = {
				INFOPLIST_FILE = HelloUITests/Info.plist;
				LD_RUNPATH_SEARCH_PATHS = "$(inherited) @executable_path/Frameworks @loader_path/Frameworks";
				PRODUCT_BUNDLE_IDENTIFIER = Ucatolica.HelloUITests;
				PRODUCT_NAME = "$(TARGET_NAME)";
				TEST_TARGET_NAME = Hello;
			};
			name = Debug;
		};
		805E049F1DBE371A00DF73E1 /* Release */ = {
			isa = XCBuildConfiguration;
			buildSettings = {
				INFOPLIST_FILE = HelloUITests/Info.plist;
				LD_RUNPATH_SEARCH_PATHS = "$(inherited) @executable_path/Frameworks @loader_path/Frameworks";
				PRODUCT_BUNDLE_IDENTIFIER = Ucatolica.HelloUITests;
				PRODUCT_NAME = "$(TARGET_NAME)";
				TEST_TARGET_NAME = Hello;
			};
			name = Release;
		};
/* End XCBuildConfiguration section */

/* Begin XCConfigurationList section */
		805E04651DBE371900DF73E1 /* Build configuration list for PBXProject "Hello" */ = {
			isa = XCConfigurationList;
			buildConfigurations = (
				805E04951DBE371A00DF73E1 /* Debug */,
				805E04961DBE371A00DF73E1 /* Release */,
			);
			defaultConfigurationIsVisible = 0;
			defaultConfigurationName = Release;
		};
		805E04971DBE371A00DF73E1 /* Build configuration list for PBXNativeTarget "Hello" */ = {
			isa = XCConfigurationList;
			buildConfigurations = (
				805E04981DBE371A00DF73E1 /* Debug */,
				805E04991DBE371A00DF73E1 /* Release */,
			);
			defaultConfigurationIsVisible = 0;
		};
		805E049A1DBE371A00DF73E1 /* Build configuration list for PBXNativeTarget "HelloTests" */ = {
			isa = XCConfigurationList;
			buildConfigurations = (
				805E049B1DBE371A00DF73E1 /* Debug */,
				805E049C1DBE371A00DF73E1 /* Release */,
			);
			defaultConfigurationIsVisible = 0;
		};
		805E049D1DBE371A00DF73E1 /* Build configuration list for PBXNativeTarget "HelloUITests" */ = {
			isa = XCConfigurationList;
			buildConfigurations = (
				805E049E1DBE371A00DF73E1 /* Debug */,
				805E049F1DBE371A00DF73E1 /* Release */,
			);
			defaultConfigurationIsVisible = 0;
		};
/* End XCConfigurationList section */
	};
	rootObject = 805E04621DBE371900DF73E1 /* Project object */;
}
